
Microsoft Visual Studio Solution File, Format Version 12.00
# Visual Studio Version 17
VisualStudioVersion = 17.5.002.0
MinimumVisualStudioVersion = 10.0.40219.1
Project("{2150E333-8FDC-42A3-9474-1A3956D46DE8}") = "csharp-solution", "csharp-solution", "{F9668881-259A-4661-9BDE-3E6DD629C4C2}"
EndProject
Project("{9A19103F-16F7-4668-BE54-9A1E7A4F7556}") = "SpeechFlowCsharp", "csharp-solution\SpeechFlowCsharp\SpeechFlowCsharp.csproj", "{6BE156D1-3081-4556-8006-D778CDB1A074}"
EndProject
Global
	GlobalSection(SolutionConfigurationPlatforms) = preSolution
		Debug|Any CPU = Debug|Any CPU
		Release|Any CPU = Release|Any CPU
	EndGlobalSection
	GlobalSection(ProjectConfigurationPlatforms) = postSolution
		{6BE156D1-3081-4556-8006-D778CDB1A074}.Debug|Any CPU.ActiveCfg = Debug|Any CPU
		{6BE156D1-3081-4556-8006-D778CDB1A074}.Debug|Any CPU.Build.0 = Debug|Any CPU
		{6BE156D1-3081-4556-8006-D778CDB1A074}.Release|Any CPU.ActiveCfg = Release|Any CPU
		{6BE156D1-3081-4556-8006-D778CDB1A074}.Release|Any CPU.Build.0 = Release|Any CPU
	EndGlobalSection
	GlobalSection(SolutionProperties) = preSolution
		HideSolutionNode = FALSE
	EndGlobalSection
	GlobalSection(NestedProjects) = preSolution
		{6BE156D1-3081-4556-8006-D778CDB1A074} = {F9668881-259A-4661-9BDE-3E6DD629C4C2}
	EndGlobalSection
	GlobalSection(ExtensibilityGlobals) = postSolution
		SolutionGuid = {D7FE95FA-FD37-4F08-9858-707F84368A6D}
	EndGlobalSection
EndGlobal
